
Microsoft Visual Studio Solution File, Format Version 12.00
# Visual Studio Version 16
VisualStudioVersion = 16.0.29728.190
MinimumVisualStudioVersion = 10.0.40219.1
Project("{9A19103F-16F7-4668-BE54-9A1E7A4F7556}") = "CQ2IOT_HOST", "CQ2IOT_HOST\CQ2IOT_HOST.csproj", "{431BF6DE-77D2-4153-83A5-6C7B7C6763FB}"
EndProject
Project("{9A19103F-16F7-4668-BE54-9A1E7A4F7556}") = "CQ2IOT", "CQ2IOT\CQ2IOT.csproj", "{FAEF96E9-654D-4670-94F2-165A84960159}"
EndProject
Project("{9A19103F-16F7-4668-BE54-9A1E7A4F7556}") = "tech.msgp.groupmanager.Code", "tech.msgp.groupmanager.Code\tech.msgp.groupmanager.Code.csproj", "{79030FBB-9A43-4659-B4C2-3EAE7F849130}"
EndProject
Project("{2150E333-8FDC-42A3-9474-1A3956D46DE8}") = "Solution Items", "Solution Items", "{844A0B0C-BCF2-4CA0-88F2-28958C51B32C}"
	ProjectSection(SolutionItems) = preProject
		.editorconfig = .editorconfig
	EndProjectSection
EndProject
Project("{9A19103F-16F7-4668-BE54-9A1E7A4F7556}") = "BiliApi", "BiliApi.Net\BiliApi.csproj", "{183FE581-4FAD-4C35-88F3-17FAD735CDD3}"
EndProject
Project("{9A19103F-16F7-4668-BE54-9A1E7A4F7556}") = "BiliveDanmakuAgent", "BiliveDanmakuAgent\BiliveDanmakuAgent.csproj", "{15160335-404E-4A0F-A36A-34453C15744B}"
EndProject
Project("{9A19103F-16F7-4668-BE54-9A1E7A4F7556}") = "BroadTicketUtility", "BroadTicketUtility\BroadTicketUtility.csproj", "{EFA3E707-9A9A-46AB-80DE-D8436A1BF5D3}"
EndProject
Project("{9A19103F-16F7-4668-BE54-9A1E7A4F7556}") = "EncryptLib", "EncryptLib\EncryptLib.csproj", "{AB44B70E-218B-4EC3-98DA-6F699E809ED9}"
EndProject
Project("{9A19103F-16F7-4668-BE54-9A1E7A4F7556}") = "StandalonePaymentRecorder", "StandalonePaymentRecorder\StandalonePaymentRecorder.csproj", "{7357C39D-EDA6-4A59-8E01-4B1301D36006}"
EndProject
Project("{9A19103F-16F7-4668-BE54-9A1E7A4F7556}") = "CrewInviter", "CrewInviter\CrewInviter.csproj", "{69D65E57-C942-4904-BFFB-6ADED2EB58D1}"
EndProject
Project("{9A19103F-16F7-4668-BE54-9A1E7A4F7556}") = "WatchDog", "WatchDog\WatchDog.csproj", "{BB5C64E6-3AAC-42E3-A45F-DBBA9B7E05A0}"
EndProject
Project("{FAE04EC0-301F-11D3-BF4B-00C04F79EFBC}") = "BiliPrivbot", "BiliPrivbot\BiliPrivbot.csproj", "{5FBBB2D2-7086-46CC-B04C-A7690801364F}"
EndProject
Global
	GlobalSection(SolutionConfigurationPlatforms) = preSolution
		Debug|Any CPU = Debug|Any CPU
		Debug|x64 = Debug|x64
		Debug|x86 = Debug|x86
		Release|Any CPU = Release|Any CPU
		Release|x64 = Release|x64
		Release|x86 = Release|x86
	EndGlobalSection
	GlobalSection(ProjectConfigurationPlatforms) = postSolution
		{431BF6DE-77D2-4153-83A5-6C7B7C6763FB}.Debug|Any CPU.ActiveCfg = Debug|Any CPU
		{431BF6DE-77D2-4153-83A5-6C7B7C6763FB}.Debug|Any CPU.Build.0 = Debug|Any CPU
		{431BF6DE-77D2-4153-83A5-6C7B7C6763FB}.Debug|x64.ActiveCfg = Debug|x64
		{431BF6DE-77D2-4153-83A5-6C7B7C6763FB}.Debug|x64.Build.0 = Debug|x64
		{431BF6DE-77D2-4153-83A5-6C7B7C6763FB}.Debug|x86.ActiveCfg = Debug|Any CPU
		{431BF6DE-77D2-4153-83A5-6C7B7C6763FB}.Debug|x86.Build.0 = Debug|Any CPU
		{431BF6DE-77D2-4153-83A5-6C7B7C6763FB}.Release|Any CPU.ActiveCfg = Release|Any CPU
		{431BF6DE-77D2-4153-83A5-6C7B7C6763FB}.Release|Any CPU.Build.0 = Release|Any CPU
		{431BF6DE-77D2-4153-83A5-6C7B7C6763FB}.Release|x64.ActiveCfg = Release|x64
		{431BF6DE-77D2-4153-83A5-6C7B7C6763FB}.Release|x64.Build.0 = Release|x64
		{431BF6DE-77D2-4153-83A5-6C7B7C6763FB}.Release|x86.ActiveCfg = Release|Any CPU
		{431BF6DE-77D2-4153-83A5-6C7B7C6763FB}.Release|x86.Build.0 = Release|Any CPU
		{FAEF96E9-654D-4670-94F2-165A84960159}.Debug|Any CPU.ActiveCfg = Debug|Any CPU
		{FAEF96E9-654D-4670-94F2-165A84960159}.Debug|Any CPU.Build.0 = Debug|Any CPU
		{FAEF96E9-654D-4670-94F2-165A84960159}.Debug|x64.ActiveCfg = Debug|x64
		{FAEF96E9-654D-4670-94F2-165A84960159}.Debug|x64.Build.0 = Debug|x64
		{FAEF96E9-654D-4670-94F2-165A84960159}.Debug|x86.ActiveCfg = Debug|Any CPU
		{FAEF96E9-654D-4670-94F2-165A84960159}.Debug|x86.Build.0 = Debug|Any CPU
		{FAEF96E9-654D-4670-94F2-165A84960159}.Release|Any CPU.ActiveCfg = Release|Any CPU
		{FAEF96E9-654D-4670-94F2-165A84960159}.Release|Any CPU.Build.0 = Release|Any CPU
		{FAEF96E9-654D-4670-94F2-165A84960159}.Release|x64.ActiveCfg = Release|x64
		{FAEF96E9-654D-4670-94F2-165A84960159}.Release|x64.Build.0 = Release|x64
		{FAEF96E9-654D-4670-94F2-165A84960159}.Release|x86.ActiveCfg = Release|Any CPU
		{FAEF96E9-654D-4670-94F2-165A84960159}.Release|x86.Build.0 = Release|Any CPU
		{79030FBB-9A43-4659-B4C2-3EAE7F849130}.Debug|Any CPU.ActiveCfg = Debug|Any CPU
		{79030FBB-9A43-4659-B4C2-3EAE7F849130}.Debug|Any CPU.Build.0 = Debug|Any CPU
		{79030FBB-9A43-4659-B4C2-3EAE7F849130}.Debug|x64.ActiveCfg = Debug|x64
		{79030FBB-9A43-4659-B4C2-3EAE7F849130}.Debug|x64.Build.0 = Debug|x64
		{79030FBB-9A43-4659-B4C2-3EAE7F849130}.Debug|x86.ActiveCfg = Debug|Any CPU
		{79030FBB-9A43-4659-B4C2-3EAE7F849130}.Debug|x86.Build.0 = Debug|Any CPU
		{79030FBB-9A43-4659-B4C2-3EAE7F849130}.Release|Any CPU.ActiveCfg = Release|Any CPU
		{79030FBB-9A43-4659-B4C2-3EAE7F849130}.Release|Any CPU.Build.0 = Release|Any CPU
		{79030FBB-9A43-4659-B4C2-3EAE7F849130}.Release|x64.ActiveCfg = Release|x64
		{79030FBB-9A43-4659-B4C2-3EAE7F849130}.Release|x64.Build.0 = Release|x64
		{79030FBB-9A43-4659-B4C2-3EAE7F849130}.Release|x86.ActiveCfg = Release|Any CPU
		{79030FBB-9A43-4659-B4C2-3EAE7F849130}.Release|x86.Build.0 = Release|Any CPU
		{183FE581-4FAD-4C35-88F3-17FAD735CDD3}.Debug|Any CPU.ActiveCfg = Debug|Any CPU
		{183FE581-4FAD-4C35-88F3-17FAD735CDD3}.Debug|Any CPU.Build.0 = Debug|Any CPU
		{183FE581-4FAD-4C35-88F3-17FAD735CDD3}.Debug|x64.ActiveCfg = Debug|x64
		{183FE581-4FAD-4C35-88F3-17FAD735CDD3}.Debug|x64.Build.0 = Debug|x64
		{183FE581-4FAD-4C35-88F3-17FAD735CDD3}.Debug|x86.ActiveCfg = Debug|Any CPU
		{183FE581-4FAD-4C35-88F3-17FAD735CDD3}.Debug|x86.Build.0 = Debug|Any CPU
		{183FE581-4FAD-4C35-88F3-17FAD735CDD3}.Release|Any CPU.ActiveCfg = Release|Any CPU
		{183FE581-4FAD-4C35-88F3-17FAD735CDD3}.Release|Any CPU.Build.0 = Release|Any CPU
		{183FE581-4FAD-4C35-88F3-17FAD735CDD3}.Release|x64.ActiveCfg = Release|x64
		{183FE581-4FAD-4C35-88F3-17FAD735CDD3}.Release|x64.Build.0 = Release|x64
		{183FE581-4FAD-4C35-88F3-17FAD735CDD3}.Release|x86.ActiveCfg = Release|Any CPU
		{183FE581-4FAD-4C35-88F3-17FAD735CDD3}.Release|x86.Build.0 = Release|Any CPU
		{15160335-404E-4A0F-A36A-34453C15744B}.Debug|Any CPU.ActiveCfg = Debug|Any CPU
		{15160335-404E-4A0F-A36A-34453C15744B}.Debug|Any CPU.Build.0 = Debug|Any CPU
		{15160335-404E-4A0F-A36A-34453C15744B}.Debug|x64.ActiveCfg = Debug|Any CPU
		{15160335-404E-4A0F-A36A-34453C15744B}.Debug|x64.Build.0 = Debug|Any CPU
		{15160335-404E-4A0F-A36A-34453C15744B}.Debug|x86.ActiveCfg = Debug|Any CPU
		{15160335-404E-4A0F-A36A-34453C15744B}.Debug|x86.Build.0 = Debug|Any CPU
		{15160335-404E-4A0F-A36A-34453C15744B}.Release|Any CPU.ActiveCfg = Release|Any CPU
		{15160335-404E-4A0F-A36A-34453C15744B}.Release|Any CPU.Build.0 = Release|Any CPU
		{15160335-404E-4A0F-A36A-34453C15744B}.Release|x64.ActiveCfg = Release|Any CPU
		{15160335-404E-4A0F-A36A-34453C15744B}.Release|x64.Build.0 = Release|Any CPU
		{15160335-404E-4A0F-A36A-34453C15744B}.Release|x86.ActiveCfg = Release|Any CPU
		{15160335-404E-4A0F-A36A-34453C15744B}.Release|x86.Build.0 = Release|Any CPU
		{EFA3E707-9A9A-46AB-80DE-D8436A1BF5D3}.Debug|Any CPU.ActiveCfg = Debug|Any CPU
		{EFA3E707-9A9A-46AB-80DE-D8436A1BF5D3}.Debug|Any CPU.Build.0 = Debug|Any CPU
		{EFA3E707-9A9A-46AB-80DE-D8436A1BF5D3}.Debug|x64.ActiveCfg = Debug|Any CPU
		{EFA3E707-9A9A-46AB-80DE-D8436A1BF5D3}.Debug|x64.Build.0 = Debug|Any CPU
		{EFA3E707-9A9A-46AB-80DE-D8436A1BF5D3}.Debug|x86.ActiveCfg = Debug|Any CPU
		{EFA3E707-9A9A-46AB-80DE-D8436A1BF5D3}.Debug|x86.Build.0 = Debug|Any CPU
		{EFA3E707-9A9A-46AB-80DE-D8436A1BF5D3}.Release|Any CPU.ActiveCfg = Release|Any CPU
		{EFA3E707-9A9A-46AB-80DE-D8436A1BF5D3}.Release|Any CPU.Build.0 = Release|Any CPU
		{EFA3E707-9A9A-46AB-80DE-D8436A1BF5D3}.Release|x64.ActiveCfg = Release|Any CPU
		{EFA3E707-9A9A-46AB-80DE-D8436A1BF5D3}.Release|x64.Build.0 = Release|Any CPU
		{EFA3E707-9A9A-46AB-80DE-D8436A1BF5D3}.Release|x86.ActiveCfg = Release|Any CPU
		{EFA3E707-9A9A-46AB-80DE-D8436A1BF5D3}.Release|x86.Build.0 = Release|Any CPU
		{AB44B70E-218B-4EC3-98DA-6F699E809ED9}.Debug|Any CPU.ActiveCfg = Debug|Any CPU
		{AB44B70E-218B-4EC3-98DA-6F699E809ED9}.Debug|Any CPU.Build.0 = Debug|Any CPU
		{AB44B70E-218B-4EC3-98DA-6F699E809ED9}.Debug|x64.ActiveCfg = Debug|Any CPU
		{AB44B70E-218B-4EC3-98DA-6F699E809ED9}.Debug|x64.Build.0 = Debug|Any CPU
		{AB44B70E-218B-4EC3-98DA-6F699E809ED9}.Debug|x86.ActiveCfg = Debug|Any CPU
		{AB44B70E-218B-4EC3-98DA-6F699E809ED9}.Debug|x86.Build.0 = Debug|Any CPU
		{AB44B70E-218B-4EC3-98DA-6F699E809ED9}.Release|Any CPU.ActiveCfg = Release|Any CPU
		{AB44B70E-218B-4EC3-98DA-6F699E809ED9}.Release|Any CPU.Build.0 = Release|Any CPU
		{AB44B70E-218B-4EC3-98DA-6F699E809ED9}.Release|x64.ActiveCfg = Release|Any CPU
		{AB44B70E-218B-4EC3-98DA-6F699E809ED9}.Release|x64.Build.0 = Release|Any CPU
		{AB44B70E-218B-4EC3-98DA-6F699E809ED9}.Release|x86.ActiveCfg = Release|Any CPU
		{AB44B70E-218B-4EC3-98DA-6F699E809ED9}.Release|x86.Build.0 = Release|Any CPU
		{7357C39D-EDA6-4A59-8E01-4B1301D36006}.Debug|Any CPU.ActiveCfg = Debug|Any CPU
		{7357C39D-EDA6-4A59-8E01-4B1301D36006}.Debug|Any CPU.Build.0 = Debug|Any CPU
		{7357C39D-EDA6-4A59-8E01-4B1301D36006}.Debug|x64.ActiveCfg = Debug|Any CPU
		{7357C39D-EDA6-4A59-8E01-4B1301D36006}.Debug|x64.Build.0 = Debug|Any CPU
		{7357C39D-EDA6-4A59-8E01-4B1301D36006}.Debug|x86.ActiveCfg = Debug|Any CPU
		{7357C39D-EDA6-4A59-8E01-4B1301D36006}.Debug|x86.Build.0 = Debug|Any CPU
		{7357C39D-EDA6-4A59-8E01-4B1301D36006}.Release|Any CPU.ActiveCfg = Release|Any CPU
		{7357C39D-EDA6-4A59-8E01-4B1301D36006}.Release|Any CPU.Build.0 = Release|Any CPU
		{7357C39D-EDA6-4A59-8E01-4B1301D36006}.Release|x64.ActiveCfg = Release|Any CPU
		{7357C39D-EDA6-4A59-8E01-4B1301D36006}.Release|x64.Build.0 = Release|Any CPU
		{7357C39D-EDA6-4A59-8E01-4B1301D36006}.Release|x86.ActiveCfg = Release|Any CPU
		{7357C39D-EDA6-4A59-8E01-4B1301D36006}.Release|x86.Build.0 = Release|Any CPU
		{69D65E57-C942-4904-BFFB-6ADED2EB58D1}.Debug|Any CPU.ActiveCfg = Debug|Any CPU
		{69D65E57-C942-4904-BFFB-6ADED2EB58D1}.Debug|Any CPU.Build.0 = Debug|Any CPU
		{69D65E57-C942-4904-BFFB-6ADED2EB58D1}.Debug|x64.ActiveCfg = Debug|Any CPU
		{69D65E57-C942-4904-BFFB-6ADED2EB58D1}.Debug|x64.Build.0 = Debug|Any CPU
		{69D65E57-C942-4904-BFFB-6ADED2EB58D1}.Debug|x86.ActiveCfg = Debug|Any CPU
		{69D65E57-C942-4904-BFFB-6ADED2EB58D1}.Debug|x86.Build.0 = Debug|Any CPU
		{69D65E57-C942-4904-BFFB-6ADED2EB58D1}.Release|Any CPU.ActiveCfg = Release|Any CPU
		{69D65E57-C942-4904-BFFB-6ADED2EB58D1}.Release|Any CPU.Build.0 = Release|Any CPU
		{69D65E57-C942-4904-BFFB-6ADED2EB58D1}.Release|x64.ActiveCfg = Release|Any CPU
		{69D65E57-C942-4904-BFFB-6ADED2EB58D1}.Release|x64.Build.0 = Release|Any CPU
		{69D65E57-C942-4904-BFFB-6ADED2EB58D1}.Release|x86.ActiveCfg = Release|Any CPU
		{69D65E57-C942-4904-BFFB-6ADED2EB58D1}.Release|x86.Build.0 = Release|Any CPU
		{BB5C64E6-3AAC-42E3-A45F-DBBA9B7E05A0}.Debug|Any CPU.ActiveCfg = Debug|Any CPU
		{BB5C64E6-3AAC-42E3-A45F-DBBA9B7E05A0}.Debug|Any CPU.Build.0 = Debug|Any CPU
		{BB5C64E6-3AAC-42E3-A45F-DBBA9B7E05A0}.Debug|x64.ActiveCfg = Debug|Any CPU
		{BB5C64E6-3AAC-42E3-A45F-DBBA9B7E05A0}.Debug|x64.Build.0 = Debug|Any CPU
		{BB5C64E6-3AAC-42E3-A45F-DBBA9B7E05A0}.Debug|x86.ActiveCfg = Debug|Any CPU
		{BB5C64E6-3AAC-42E3-A45F-DBBA9B7E05A0}.Debug|x86.Build.0 = Debug|Any CPU
		{BB5C64E6-3AAC-42E3-A45F-DBBA9B7E05A0}.Release|Any CPU.ActiveCfg = Release|Any CPU
		{BB5C64E6-3AAC-42E3-A45F-DBBA9B7E05A0}.Release|Any CPU.Build.0 = Release|Any CPU
		{BB5C64E6-3AAC-42E3-A45F-DBBA9B7E05A0}.Release|x64.ActiveCfg = Release|Any CPU
		{BB5C64E6-3AAC-42E3-A45F-DBBA9B7E05A0}.Release|x64.Build.0 = Release|Any CPU
		{BB5C64E6-3AAC-42E3-A45F-DBBA9B7E05A0}.Release|x86.ActiveCfg = Release|Any CPU
		{BB5C64E6-3AAC-42E3-A45F-DBBA9B7E05A0}.Release|x86.Build.0 = Release|Any CPU
		{5FBBB2D2-7086-46CC-B04C-A7690801364F}.Debug|Any CPU.ActiveCfg = Debug|Any CPU
		{5FBBB2D2-7086-46CC-B04C-A7690801364F}.Debug|Any CPU.Build.0 = Debug|Any CPU
		{5FBBB2D2-7086-46CC-B04C-A7690801364F}.Debug|x64.ActiveCfg = Debug|Any CPU
		{5FBBB2D2-7086-46CC-B04C-A7690801364F}.Debug|x64.Build.0 = Debug|Any CPU
		{5FBBB2D2-7086-46CC-B04C-A7690801364F}.Debug|x86.ActiveCfg = Debug|Any CPU
		{5FBBB2D2-7086-46CC-B04C-A7690801364F}.Debug|x86.Build.0 = Debug|Any CPU
		{5FBBB2D2-7086-46CC-B04C-A7690801364F}.Release|Any CPU.ActiveCfg = Release|Any CPU
		{5FBBB2D2-7086-46CC-B04C-A7690801364F}.Release|Any CPU.Build.0 = Release|Any CPU
		{5FBBB2D2-7086-46CC-B04C-A7690801364F}.Release|x64.ActiveCfg = Release|Any CPU
		{5FBBB2D2-7086-46CC-B04C-A7690801364F}.Release|x64.Build.0 = Release|Any CPU
		{5FBBB2D2-7086-46CC-B04C-A7690801364F}.Release|x86.ActiveCfg = Release|Any CPU
		{5FBBB2D2-7086-46CC-B04C-A7690801364F}.Release|x86.Build.0 = Release|Any CPU
	EndGlobalSection
	GlobalSection(SolutionProperties) = preSolution
		HideSolutionNode = FALSE
	EndGlobalSection
	GlobalSection(ExtensibilityGlobals) = postSolution
		SolutionGuid = {C844F6B2-20BA-49E7-BCD0-DA1043F8414C}
	EndGlobalSection
EndGlobal
